
Microsoft Visual Studio Solution File, Format Version 12.00
# Visual Studio Version 16
VisualStudioVersion = 16.0.30523.141
MinimumVisualStudioVersion = 10.0.40219.1
Project("{FAE04EC0-301F-11D3-BF4B-00C04F79EFBC}") = "HackerRank", "HackerRank.csproj", "{FD23D8F0-A39F-4618-9084-39F950F485F0}"
EndProject
Global
	GlobalSection(SolutionConfigurationPlatforms) = preSolution
		Debug|Any CPU = Debug|Any CPU
		Release|Any CPU = Release|Any CPU
	EndGlobalSection
	GlobalSection(ProjectConfigurationPlatforms) = postSolution
		{FD23D8F0-A39F-4618-9084-39F950F485F0}.Debug|Any CPU.ActiveCfg = Debug|Any CPU
		{FD23D8F0-A39F-4618-9084-39F950F485F0}.Debug|Any CPU.Build.0 = Debug|Any CPU
		{FD23D8F0-A39F-4618-9084-39F950F485F0}.Release|Any CPU.ActiveCfg = Release|Any CPU
		{FD23D8F0-A39F-4618-9084-39F950F485F0}.Release|Any CPU.Build.0 = Release|Any CPU
	EndGlobalSection
	GlobalSection(SolutionProperties) = preSolution
		HideSolutionNode = FALSE
	EndGlobalSection
	GlobalSection(ExtensibilityGlobals) = postSolution
		SolutionGuid = {7B5BCCC3-4E5E-4A91-AFA2-D0B05D1EAC6D}
	EndGlobalSection
EndGlobal
